// !$*UTF8*$!
{
	archiveVersion = 1;
	classes = {
	};
	objectVersion = 46;
	objects = {

/* Begin PBXBuildFile section */
		0EACA9F4F7406455414355DA /* Pods_GHubTests.framework in Frameworks */ = {isa = PBXBuildFile; fileRef = E0A8A77D8B7B80E304E5EDD3 /* Pods_GHubTests.framework */; };
		7C5FBC43CD29C6F0A138B23D /* Pods_GHub.framework in Frameworks */ = {isa = PBXBuildFile; fileRef = 9971A7108A5C6AA747823E63 /* Pods_GHub.framework */; };
		FCE2FA051F10988600A7FCA4 /* AppDelegate.swift in Sources */ = {isa = PBXBuildFile; fileRef = FCE2FA041F10988600A7FCA4 /* AppDelegate.swift */; };
		FCE2FA0A1F10988600A7FCA4 /* Main.storyboard in Resources */ = {isa = PBXBuildFile; fileRef = FCE2FA081F10988600A7FCA4 /* Main.storyboard */; };
		FCE2FA0C1F10988600A7FCA4 /* Assets.xcassets in Resources */ = {isa = PBXBuildFile; fileRef = FCE2FA0B1F10988600A7FCA4 /* Assets.xcassets */; };
		FCE2FA0F1F10988600A7FCA4 /* LaunchScreen.storyboard in Resources */ = {isa = PBXBuildFile; fileRef = FCE2FA0D1F10988600A7FCA4 /* LaunchScreen.storyboard */; };
		FCE2FA1A1F10988700A7FCA4 /* GHubTests.swift in Sources */ = {isa = PBXBuildFile; fileRef = FCE2FA191F10988700A7FCA4 /* GHubTests.swift */; };
		FCE2FA271F1099D800A7FCA4 /* ChatRoom.swift in Sources */ = {isa = PBXBuildFile; fileRef = FCE2FA261F1099D800A7FCA4 /* ChatRoom.swift */; };
		FCE2FA291F109AFF00A7FCA4 /* ChatCell.swift in Sources */ = {isa = PBXBuildFile; fileRef = FCE2FA281F109AFF00A7FCA4 /* ChatCell.swift */; };
		FCE2FA2F1F131D4A00A7FCA4 /* LoginViewController.swift in Sources */ = {isa = PBXBuildFile; fileRef = FCE2FA2E1F131D4A00A7FCA4 /* LoginViewController.swift */; };
		FCE2FA331F131F1600A7FCA4 /* GoogleService-Info.plist in Resources */ = {isa = PBXBuildFile; fileRef = FCE2FA321F131F1600A7FCA4 /* GoogleService-Info.plist */; };
/* End PBXBuildFile section */

/* Begin PBXContainerItemProxy section */
		FCE2FA161F10988700A7FCA4 /* PBXContainerItemProxy */ = {
			isa = PBXContainerItemProxy;
			containerPortal = FCE2F9F91F10988600A7FCA4 /* Project object */;
			proxyType = 1;
			remoteGlobalIDString = FCE2FA001F10988600A7FCA4;
			remoteInfo = GHub;
		};
/* End PBXContainerItemProxy section */

/* Begin PBXFileReference section */
		02A3A4863A7922927DA9C489 /* Pods-GHub.debug.xcconfig */ = {isa = PBXFileReference; includeInIndex = 1; lastKnownFileType = text.xcconfig; name = "Pods-GHub.debug.xcconfig"; path = "Pods/Target Support Files/Pods-GHub/Pods-GHub.debug.xcconfig"; sourceTree = "<group>"; };
		5E74626DEC7F95D779EE857D /* Pods-GHubTests.release.xcconfig */ = {isa = PBXFileReference; includeInIndex = 1; lastKnownFileType = text.xcconfig; name = "Pods-GHubTests.release.xcconfig"; path = "Pods/Target Support Files/Pods-GHubTests/Pods-GHubTests.release.xcconfig"; sourceTree = "<group>"; };
		9971A7108A5C6AA747823E63 /* Pods_GHub.framework */ = {isa = PBXFileReference; explicitFileType = wrapper.framework; includeInIndex = 0; path = Pods_GHub.framework; sourceTree = BUILT_PRODUCTS_DIR; };
		AA72C84752829DFD13497781 /* Pods-GHub.release.xcconfig */ = {isa = PBXFileReference; includeInIndex = 1; lastKnownFileType = text.xcconfig; name = "Pods-GHub.release.xcconfig"; path = "Pods/Target Support Files/Pods-GHub/Pods-GHub.release.xcconfig"; sourceTree = "<group>"; };
		AE7318A289E0124F4B165285 /* Pods-GHubTests.debug.xcconfig */ = {isa = PBXFileReference; includeInIndex = 1; lastKnownFileType = text.xcconfig; name = "Pods-GHubTests.debug.xcconfig"; path = "Pods/Target Support Files/Pods-GHubTests/Pods-GHubTests.debug.xcconfig"; sourceTree = "<group>"; };
		E0A8A77D8B7B80E304E5EDD3 /* Pods_GHubTests.framework */ = {isa = PBXFileReference; explicitFileType = wrapper.framework; includeInIndex = 0; path = Pods_GHubTests.framework; sourceTree = BUILT_PRODUCTS_DIR; };
		FCE2FA011F10988600A7FCA4 /* GHub.app */ = {isa = PBXFileReference; explicitFileType = wrapper.application; includeInIndex = 0; path = GHub.app; sourceTree = BUILT_PRODUCTS_DIR; };
		FCE2FA041F10988600A7FCA4 /* AppDelegate.swift */ = {isa = PBXFileReference; lastKnownFileType = sourcecode.swift; path = AppDelegate.swift; sourceTree = "<group>"; };
		FCE2FA091F10988600A7FCA4 /* Base */ = {isa = PBXFileReference; lastKnownFileType = file.storyboard; name = Base; path = Base.lproj/Main.storyboard; sourceTree = "<group>"; };
		FCE2FA0B1F10988600A7FCA4 /* Assets.xcassets */ = {isa = PBXFileReference; lastKnownFileType = folder.assetcatalog; path = Assets.xcassets; sourceTree = "<group>"; };
		FCE2FA0E1F10988600A7FCA4 /* Base */ = {isa = PBXFileReference; lastKnownFileType = file.storyboard; name = Base; path = Base.lproj/LaunchScreen.storyboard; sourceTree = "<group>"; };
		FCE2FA101F10988600A7FCA4 /* Info.plist */ = {isa = PBXFileReference; lastKnownFileType = text.plist.xml; path = Info.plist; sourceTree = "<group>"; };
		FCE2FA151F10988700A7FCA4 /* GHubTests.xctest */ = {isa = PBXFileReference; explicitFileType = wrapper.cfbundle; includeInIndex = 0; path = GHubTests.xctest; sourceTree = BUILT_PRODUCTS_DIR; };
		FCE2FA191F10988700A7FCA4 /* GHubTests.swift */ = {isa = PBXFileReference; lastKnownFileType = sourcecode.swift; path = GHubTests.swift; sourceTree = "<group>"; };
		FCE2FA1B1F10988700A7FCA4 /* Info.plist */ = {isa = PBXFileReference; lastKnownFileType = text.plist.xml; path = Info.plist; sourceTree = "<group>"; };
		FCE2FA261F1099D800A7FCA4 /* ChatRoom.swift */ = {isa = PBXFileReference; fileEncoding = 4; lastKnownFileType = sourcecode.swift; path = ChatRoom.swift; sourceTree = "<group>"; };
		FCE2FA281F109AFF00A7FCA4 /* ChatCell.swift */ = {isa = PBXFileReference; fileEncoding = 4; lastKnownFileType = sourcecode.swift; path = ChatCell.swift; sourceTree = "<group>"; };
		FCE2FA2E1F131D4A00A7FCA4 /* LoginViewController.swift */ = {isa = PBXFileReference; fileEncoding = 4; lastKnownFileType = sourcecode.swift; path = LoginViewController.swift; sourceTree = "<group>"; };
		FCE2FA321F131F1600A7FCA4 /* GoogleService-Info.plist */ = {isa = PBXFileReference; fileEncoding = 4; lastKnownFileType = text.plist.xml; path = "GoogleService-Info.plist"; sourceTree = "<group>"; };
/* End PBXFileReference section */

/* Begin PBXFrameworksBuildPhase section */
		FCE2F9FE1F10988600A7FCA4 /* Frameworks */ = {
			isa = PBXFrameworksBuildPhase;
			buildActionMask = 2147483647;
			files = (
				7C5FBC43CD29C6F0A138B23D /* Pods_GHub.framework in Frameworks */,
			);
			runOnlyForDeploymentPostprocessing = 0;
		};
		FCE2FA121F10988700A7FCA4 /* Frameworks */ = {
			isa = PBXFrameworksBuildPhase;
			buildActionMask = 2147483647;
			files = (
				0EACA9F4F7406455414355DA /* Pods_GHubTests.framework in Frameworks */,
			);
			runOnlyForDeploymentPostprocessing = 0;
		};
/* End PBXFrameworksBuildPhase section */

/* Begin PBXGroup section */
		2E6369E5CD08DFFE126F6FF7 /* Frameworks */ = {
			isa = PBXGroup;
			children = (
				9971A7108A5C6AA747823E63 /* Pods_GHub.framework */,
				E0A8A77D8B7B80E304E5EDD3 /* Pods_GHubTests.framework */,
			);
			name = Frameworks;
			sourceTree = "<group>";
		};
		640E04EA8F8131253989E1FD /* Pods */ = {
			isa = PBXGroup;
			children = (
				02A3A4863A7922927DA9C489 /* Pods-GHub.debug.xcconfig */,
				AA72C84752829DFD13497781 /* Pods-GHub.release.xcconfig */,
				AE7318A289E0124F4B165285 /* Pods-GHubTests.debug.xcconfig */,
				5E74626DEC7F95D779EE857D /* Pods-GHubTests.release.xcconfig */,
			);
			name = Pods;
			sourceTree = "<group>";
		};
		FCE2F9F81F10988600A7FCA4 = {
			isa = PBXGroup;
			children = (
				FCE2FA031F10988600A7FCA4 /* GHub */,
				FCE2FA181F10988700A7FCA4 /* GHubTests */,
				FCE2FA021F10988600A7FCA4 /* Products */,
				640E04EA8F8131253989E1FD /* Pods */,
				2E6369E5CD08DFFE126F6FF7 /* Frameworks */,
			);
			sourceTree = "<group>";
		};
		FCE2FA021F10988600A7FCA4 /* Products */ = {
			isa = PBXGroup;
			children = (
				FCE2FA011F10988600A7FCA4 /* GHub.app */,
				FCE2FA151F10988700A7FCA4 /* GHubTests.xctest */,
			);
			name = Products;
			sourceTree = "<group>";
		};
		FCE2FA031F10988600A7FCA4 /* GHub */ = {
			isa = PBXGroup;
			children = (
				FCE2FA041F10988600A7FCA4 /* AppDelegate.swift */,
				FCE2FA351F132D3700A7FCA4 /* Login */,
				FCE2FA341F132D0B00A7FCA4 /* ChatRoomView */,
				FCE2FA081F10988600A7FCA4 /* Main.storyboard */,
				FCE2FA0B1F10988600A7FCA4 /* Assets.xcassets */,
				FCE2FA0D1F10988600A7FCA4 /* LaunchScreen.storyboard */,
				FCE2FA101F10988600A7FCA4 /* Info.plist */,
				FCE2FA321F131F1600A7FCA4 /* GoogleService-Info.plist */,
			);
			path = GHub;
			sourceTree = "<group>";
		};
		FCE2FA181F10988700A7FCA4 /* GHubTests */ = {
			isa = PBXGroup;
			children = (
				FCE2FA191F10988700A7FCA4 /* GHubTests.swift */,
				FCE2FA1B1F10988700A7FCA4 /* Info.plist */,
			);
			path = GHubTests;
			sourceTree = "<group>";
		};
		FCE2FA341F132D0B00A7FCA4 /* ChatRoomView */ = {
			isa = PBXGroup;
			children = (
				FCE2FA261F1099D800A7FCA4 /* ChatRoom.swift */,
				FCE2FA281F109AFF00A7FCA4 /* ChatCell.swift */,
			);
			name = ChatRoomView;
			sourceTree = "<group>";
		};
		FCE2FA351F132D3700A7FCA4 /* Login */ = {
			isa = PBXGroup;
			children = (
				FCE2FA2E1F131D4A00A7FCA4 /* LoginViewController.swift */,
			);
			name = Login;
			sourceTree = "<group>";
		};
/* End PBXGroup section */

/* Begin PBXNativeTarget section */
		FCE2FA001F10988600A7FCA4 /* GHub */ = {
			isa = PBXNativeTarget;
			buildConfigurationList = FCE2FA1E1F10988700A7FCA4 /* Build configuration list for PBXNativeTarget "GHub" */;
			buildPhases = (
				B428369908BBD7E71EAE1A78 /* [CP] Check Pods Manifest.lock */,
				FCE2F9FD1F10988600A7FCA4 /* Sources */,
				FCE2F9FE1F10988600A7FCA4 /* Frameworks */,
				FCE2F9FF1F10988600A7FCA4 /* Resources */,
				7262D3B5E8E43FBC54BA3968 /* [CP] Embed Pods Frameworks */,
				2D8C8856F7ACEA32CCC6130E /* [CP] Copy Pods Resources */,
			);
			buildRules = (
			);
			dependencies = (
			);
			name = GHub;
			productName = GHub;
			productReference = FCE2FA011F10988600A7FCA4 /* GHub.app */;
			productType = "com.apple.product-type.application";
		};
		FCE2FA141F10988700A7FCA4 /* GHubTests */ = {
			isa = PBXNativeTarget;
			buildConfigurationList = FCE2FA211F10988700A7FCA4 /* Build configuration list for PBXNativeTarget "GHubTests" */;
			buildPhases = (
				266790509BB51B93D85A1C33 /* [CP] Check Pods Manifest.lock */,
				FCE2FA111F10988700A7FCA4 /* Sources */,
				FCE2FA121F10988700A7FCA4 /* Frameworks */,
				FCE2FA131F10988700A7FCA4 /* Resources */,
				9B35A9E62A4954F2579D2681 /* [CP] Embed Pods Frameworks */,
				92A1D0656E85F7DF867715B0 /* [CP] Copy Pods Resources */,
			);
			buildRules = (
			);
			dependencies = (
				FCE2FA171F10988700A7FCA4 /* PBXTargetDependency */,
			);
			name = GHubTests;
			productName = GHubTests;
			productReference = FCE2FA151F10988700A7FCA4 /* GHubTests.xctest */;
			productType = "com.apple.product-type.bundle.unit-test";
		};
/* End PBXNativeTarget section */

/* Begin PBXProject section */
		FCE2F9F91F10988600A7FCA4 /* Project object */ = {
			isa = PBXProject;
			attributes = {
				LastSwiftUpdateCheck = 0820;
				LastUpgradeCheck = 0820;
				ORGANIZATIONNAME = "Frank Joseph Boccia";
				TargetAttributes = {
					FCE2FA001F10988600A7FCA4 = {
						CreatedOnToolsVersion = 8.2.1;
						DevelopmentTeam = LM2J977ASP;
						LastSwiftMigration = 0820;
						ProvisioningStyle = Automatic;
					};
					FCE2FA141F10988700A7FCA4 = {
						CreatedOnToolsVersion = 8.2.1;
						DevelopmentTeam = LM2J977ASP;
						LastSwiftMigration = 0820;
						ProvisioningStyle = Automatic;
						TestTargetID = FCE2FA001F10988600A7FCA4;
					};
				};
			};
			buildConfigurationList = FCE2F9FC1F10988600A7FCA4 /* Build configuration list for PBXProject "GHub" */;
			compatibilityVersion = "Xcode 3.2";
			developmentRegion = English;
			hasScannedForEncodings = 0;
			knownRegions = (
				en,
				Base,
			);
			mainGroup = FCE2F9F81F10988600A7FCA4;
			productRefGroup = FCE2FA021F10988600A7FCA4 /* Products */;
			projectDirPath = "";
			projectRoot = "";
			targets = (
				FCE2FA001F10988600A7FCA4 /* GHub */,
				FCE2FA141F10988700A7FCA4 /* GHubTests */,
			);
		};
/* End PBXProject section */

/* Begin PBXResourcesBuildPhase section */
		FCE2F9FF1F10988600A7FCA4 /* Resources */ = {
			isa = PBXResourcesBuildPhase;
			buildActionMask = 2147483647;
			files = (
				FCE2FA0F1F10988600A7FCA4 /* LaunchScreen.storyboard in Resources */,
				FCE2FA331F131F1600A7FCA4 /* GoogleService-Info.plist in Resources */,
				FCE2FA0C1F10988600A7FCA4 /* Assets.xcassets in Resources */,
				FCE2FA0A1F10988600A7FCA4 /* Main.storyboard in Resources */,
			);
			runOnlyForDeploymentPostprocessing = 0;
		};
		FCE2FA131F10988700A7FCA4 /* Resources */ = {
			isa = PBXResourcesBuildPhase;
			buildActionMask = 2147483647;
			files = (
			);
			runOnlyForDeploymentPostprocessing = 0;
		};
/* End PBXResourcesBuildPhase section */

/* Begin PBXShellScriptBuildPhase section */
		266790509BB51B93D85A1C33 /* [CP] Check Pods Manifest.lock */ = {
			isa = PBXShellScriptBuildPhase;
			buildActionMask = 2147483647;
			files = (
			);
			inputPaths = (
			);
			name = "[CP] Check Pods Manifest.lock";
			outputPaths = (
			);
			runOnlyForDeploymentPostprocessing = 0;
			shellPath = /bin/sh;
			shellScript = "diff \"${PODS_ROOT}/../Podfile.lock\" \"${PODS_ROOT}/Manifest.lock\" > /dev/null\nif [[ $? != 0 ]] ; then\n    cat << EOM\nerror: The sandbox is not in sync with the Podfile.lock. Run 'pod install' or update your CocoaPods installation.\nEOM\n    exit 1\nfi\n";
			showEnvVarsInLog = 0;
		};
		2D8C8856F7ACEA32CCC6130E /* [CP] Copy Pods Resources */ = {
			isa = PBXShellScriptBuildPhase;
			buildActionMask = 2147483647;
			files = (
			);
			inputPaths = (
			);
			name = "[CP] Copy Pods Resources";
			outputPaths = (
			);
			runOnlyForDeploymentPostprocessing = 0;
			shellPath = /bin/sh;
			shellScript = "\"${SRCROOT}/Pods/Target Support Files/Pods-GHub/Pods-GHub-resources.sh\"\n";
			showEnvVarsInLog = 0;
		};
		7262D3B5E8E43FBC54BA3968 /* [CP] Embed Pods Frameworks */ = {
			isa = PBXShellScriptBuildPhase;
			buildActionMask = 2147483647;
			files = (
			);
			inputPaths = (
			);
			name = "[CP] Embed Pods Frameworks";
			outputPaths = (
			);
			runOnlyForDeploymentPostprocessing = 0;
			shellPath = /bin/sh;
			shellScript = "\"${SRCROOT}/Pods/Target Support Files/Pods-GHub/Pods-GHub-frameworks.sh\"\n";
			showEnvVarsInLog = 0;
		};
		92A1D0656E85F7DF867715B0 /* [CP] Copy Pods Resources */ = {
			isa = PBXShellScriptBuildPhase;
			buildActionMask = 2147483647;
			files = (
			);
			inputPaths = (
			);
			name = "[CP] Copy Pods Resources";
			outputPaths = (
			);
			runOnlyForDeploymentPostprocessing = 0;
			shellPath = /bin/sh;
			shellScript = "\"${SRCROOT}/Pods/Target Support Files/Pods-GHubTests/Pods-GHubTests-resources.sh\"\n";
			showEnvVarsInLog = 0;
		};
		9B35A9E62A4954F2579D2681 /* [CP] Embed Pods Frameworks */ = {
			isa = PBXShellScriptBuildPhase;
			buildActionMask = 2147483647;
			files = (
			);
			inputPaths = (
			);
			name = "[CP] Embed Pods Frameworks";
			outputPaths = (
			);
			runOnlyForDeploymentPostprocessing = 0;
			shellPath = /bin/sh;
			shellScript = "\"${SRCROOT}/Pods/Target Support Files/Pods-GHubTests/Pods-GHubTests-frameworks.sh\"\n";
			showEnvVarsInLog = 0;
		};
		B428369908BBD7E71EAE1A78 /* [CP] Check Pods Manifest.lock */ = {
			isa = PBXShellScriptBuildPhase;
			buildActionMask = 2147483647;
			files = (
			);
			inputPaths = (
			);
			name = "[CP] Check Pods Manifest.lock";
			outputPaths = (
			);
			runOnlyForDeploymentPostprocessing = 0;
			shellPath = /bin/sh;
			shellScript = "diff \"${PODS_ROOT}/../Podfile.lock\" \"${PODS_ROOT}/Manifest.lock\" > /dev/null\nif [[ $? != 0 ]] ; then\n    cat << EOM\nerror: The sandbox is not in sync with the Podfile.lock. Run 'pod install' or update your CocoaPods installation.\nEOM\n    exit 1\nfi\n";
			showEnvVarsInLog = 0;
		};
/* End PBXShellScriptBuildPhase section */

/* Begin PBXSourcesBuildPhase section */
		FCE2F9FD1F10988600A7FCA4 /* Sources */ = {
			isa = PBXSourcesBuildPhase;
			buildActionMask = 2147483647;
			files = (
				FCE2FA2F1F131D4A00A7FCA4 /* LoginViewController.swift in Sources */,
				FCE2FA271F1099D800A7FCA4 /* ChatRoom.swift in Sources */,
				FCE2FA051F10988600A7FCA4 /* AppDelegate.swift in Sources */,
				FCE2FA291F109AFF00A7FCA4 /* ChatCell.swift in Sources */,
			);
			runOnlyForDeploymentPostprocessing = 0;
		};
		FCE2FA111F10988700A7FCA4 /* Sources */ = {
			isa = PBXSourcesBuildPhase;
			buildActionMask = 2147483647;
			files = (
				FCE2FA1A1F10988700A7FCA4 /* GHubTests.swift in Sources */,
			);
			runOnlyForDeploymentPostprocessing = 0;
		};
/* End PBXSourcesBuildPhase section */

/* Begin PBXTargetDependency section */
		FCE2FA171F10988700A7FCA4 /* PBXTargetDependency */ = {
			isa = PBXTargetDependency;
			target = FCE2FA001F10988600A7FCA4 /* GHub */;
			targetProxy = FCE2FA161F10988700A7FCA4 /* PBXContainerItemProxy */;
		};
/* End PBXTargetDependency section */

/* Begin PBXVariantGroup section */
		FCE2FA081F10988600A7FCA4 /* Main.storyboard */ = {
			isa = PBXVariantGroup;
			children = (
				FCE2FA091F10988600A7FCA4 /* Base */,
			);
			name = Main.storyboard;
			sourceTree = "<group>";
		};
		FCE2FA0D1F10988600A7FCA4 /* LaunchScreen.storyboard */ = {
			isa = PBXVariantGroup;
			children = (
				FCE2FA0E1F10988600A7FCA4 /* Base */,
			);
			name = LaunchScreen.storyboard;
			sourceTree = "<group>";
		};
/* End PBXVariantGroup section */

/* Begin XCBuildConfiguration section */
		FCE2FA1C1F10988700A7FCA4 /* Debug */ = {
			isa = XCBuildConfiguration;
			buildSettings = {
				ALWAYS_SEARCH_USER_PATHS = NO;
				CLANG_ANALYZER_NONNULL = YES;
				CLANG_CXX_LANGUAGE_STANDARD = "gnu++0x";
				CLANG_CXX_LIBRARY = "libc++";
				CLANG_ENABLE_MODULES = YES;
				CLANG_ENABLE_OBJC_ARC = YES;
				CLANG_WARN_BOOL_CONVERSION = YES;
				CLANG_WARN_CONSTANT_CONVERSION = YES;
				CLANG_WARN_DIRECT_OBJC_ISA_USAGE = YES_ERROR;
				CLANG_WARN_DOCUMENTATION_COMMENTS = YES;
				CLANG_WARN_EMPTY_BODY = YES;
				CLANG_WARN_ENUM_CONVERSION = YES;
				CLANG_WARN_INFINITE_RECURSION = YES;
				CLANG_WARN_INT_CONVERSION = YES;
				CLANG_WARN_OBJC_ROOT_CLASS = YES_ERROR;
				CLANG_WARN_SUSPICIOUS_MOVE = YES;
				CLANG_WARN_UNREACHABLE_CODE = YES;
				CLANG_WARN__DUPLICATE_METHOD_MATCH = YES;
				"CODE_SIGN_IDENTITY[sdk=iphoneos*]" = "iPhone Developer";
				COPY_PHASE_STRIP = NO;
				DEBUG_INFORMATION_FORMAT = dwarf;
				ENABLE_STRICT_OBJC_MSGSEND = YES;
				ENABLE_TESTABILITY = YES;
				GCC_C_LANGUAGE_STANDARD = gnu99;
				GCC_DYNAMIC_NO_PIC = NO;
				GCC_NO_COMMON_BLOCKS = YES;
				GCC_OPTIMIZATION_LEVEL = 0;
				GCC_PREPROCESSOR_DEFINITIONS = (
					"DEBUG=1",
					"$(inherited)",
				);
				GCC_WARN_64_TO_32_BIT_CONVERSION = YES;
				GCC_WARN_ABOUT_RETURN_TYPE = YES_ERROR;
				GCC_WARN_UNDECLARED_SELECTOR = YES;
				GCC_WARN_UNINITIALIZED_AUTOS = YES_AGGRESSIVE;
				GCC_WARN_UNUSED_FUNCTION = YES;
				GCC_WARN_UNUSED_VARIABLE = YES;
				IPHONEOS_DEPLOYMENT_TARGET = 10.2;
				MTL_ENABLE_DEBUG_INFO = YES;
				ONLY_ACTIVE_ARCH = YES;
				SDKROOT = iphoneos;
				SWIFT_ACTIVE_COMPILATION_CONDITIONS = DEBUG;
				SWIFT_OPTIMIZATION_LEVEL = "-Onone";
				TARGETED_DEVICE_FAMILY = "1,2";
			};
			name = Debug;
		};
		FCE2FA1D1F10988700A7FCA4 /* Release */ = {
			isa = XCBuildConfiguration;
			buildSettings = {
				ALWAYS_SEARCH_USER_PATHS = NO;
				CLANG_ANALYZER_NONNULL = YES;
				CLANG_CXX_LANGUAGE_STANDARD = "gnu++0x";
				CLANG_CXX_LIBRARY = "libc++";
				CLANG_ENABLE_MODULES = YES;
				CLANG_ENABLE_OBJC_ARC = YES;
				CLANG_WARN_BOOL_CONVERSION = YES;
				CLANG_WARN_CONSTANT_CONVERSION = YES;
				CLANG_WARN_DIRECT_OBJC_ISA_USAGE = YES_ERROR;
				CLANG_WARN_DOCUMENTATION_COMMENTS = YES;
				CLANG_WARN_EMPTY_BODY = YES;
				CLANG_WARN_ENUM_CONVERSION = YES;
				CLANG_WARN_INFINITE_RECURSION = YES;
				CLANG_WARN_INT_CONVERSION = YES;
				CLANG_WARN_OBJC_ROOT_CLASS = YES_ERROR;
				CLANG_WARN_SUSPICIOUS_MOVE = YES;
				CLANG_WARN_UNREACHABLE_CODE = YES;
				CLANG_WARN__DUPLICATE_METHOD_MATCH = YES;
				"CODE_SIGN_IDENTITY[sdk=iphoneos*]" = "iPhone Developer";
				COPY_PHASE_STRIP = NO;
				DEBUG_INFORMATION_FORMAT = "dwarf-with-dsym";
				ENABLE_NS_ASSERTIONS = NO;
				ENABLE_STRICT_OBJC_MSGSEND = YES;
				GCC_C_LANGUAGE_STANDARD = gnu99;
				GCC_NO_COMMON_BLOCKS = YES;
				GCC_WARN_64_TO_32_BIT_CONVERSION = YES;
				GCC_WARN_ABOUT_RETURN_TYPE = YES_ERROR;
				GCC_WARN_UNDECLARED_SELECTOR = YES;
				GCC_WARN_UNINITIALIZED_AUTOS = YES_AGGRESSIVE;
				GCC_WARN_UNUSED_FUNCTION = YES;
				GCC_WARN_UNUSED_VARIABLE = YES;
				IPHONEOS_DEPLOYMENT_TARGET = 10.2;
				MTL_ENABLE_DEBUG_INFO = NO;
				SDKROOT = iphoneos;
				SWIFT_OPTIMIZATION_LEVEL = "-Owholemodule";
				TARGETED_DEVICE_FAMILY = "1,2";
				VALIDATE_PRODUCT = YES;
			};
			name = Release;
		};
		FCE2FA1F1F10988700A7FCA4 /* Debug */ = {
			isa = XCBuildConfiguration;
			baseConfigurationReference = 02A3A4863A7922927DA9C489 /* Pods-GHub.debug.xcconfig */;
			buildSettings = {
				ASSETCATALOG_COMPILER_APPICON_NAME = AppIcon;
				"CODE_SIGN_IDENTITY[sdk=iphoneos*]" = "iPhone Developer";
				DEVELOPMENT_TEAM = LM2J977ASP;
				INFOPLIST_FILE = GHub/Info.plist;
				LD_RUNPATH_SEARCH_PATHS = "$(inherited) @executable_path/Frameworks";
				PRODUCT_BUNDLE_IDENTIFIER = Boccia.GHub;
				PRODUCT_NAME = "$(TARGET_NAME)";
				SWIFT_VERSION = 3.0;
				TARGETED_DEVICE_FAMILY = 1;
			};
			name = Debug;
		};
		FCE2FA201F10988700A7FCA4 /* Release */ = {
			isa = XCBuildConfiguration;
			baseConfigurationReference = AA72C84752829DFD13497781 /* Pods-GHub.release.xcconfig */;
			buildSettings = {
				ASSETCATALOG_COMPILER_APPICON_NAME = AppIcon;
				"CODE_SIGN_IDENTITY[sdk=iphoneos*]" = "iPhone Developer";
				DEVELOPMENT_TEAM = LM2J977ASP;
				INFOPLIST_FILE = GHub/Info.plist;
				LD_RUNPATH_SEARCH_PATHS = "$(inherited) @executable_path/Frameworks";
				PRODUCT_BUNDLE_IDENTIFIER = Boccia.GHub;
				PRODUCT_NAME = "$(TARGET_NAME)";
				SWIFT_VERSION = 3.0;
				TARGETED_DEVICE_FAMILY = 1;
			};
			name = Release;
		};
		FCE2FA221F10988700A7FCA4 /* Debug */ = {
			isa = XCBuildConfiguration;
			baseConfigurationReference = AE7318A289E0124F4B165285 /* Pods-GHubTests.debug.xcconfig */;
			buildSettings = {
				ALWAYS_EMBED_SWIFT_STANDARD_LIBRARIES = YES;
				BUNDLE_LOADER = "$(TEST_HOST)";
				DEVELOPMENT_TEAM = LM2J977ASP;
				INFOPLIST_FILE = GHubTests/Info.plist;
				LD_RUNPATH_SEARCH_PATHS = "$(inherited) @executable_path/Frameworks @loader_path/Frameworks";
				PRODUCT_BUNDLE_IDENTIFIER = Bocci.GHubTests;
				PRODUCT_NAME = "$(TARGET_NAME)";
				SWIFT_VERSION = 3.0;
				TEST_HOST = "$(BUILT_PRODUCTS_DIR)/GHub.app/GHub";
			};
			name = Debug;
		};
		FCE2FA231F10988700A7FCA4 /* Release */ = {
			isa = XCBuildConfiguration;
			baseConfigurationReference = 5E74626DEC7F95D779EE857D /* Pods-GHubTests.release.xcconfig */;
			buildSettings = {
				ALWAYS_EMBED_SWIFT_STANDARD_LIBRARIES = YES;
				BUNDLE_LOADER = "$(TEST_HOST)";
				DEVELOPMENT_TEAM = LM2J977ASP;
				INFOPLIST_FILE = GHubTests/Info.plist;
				LD_RUNPATH_SEARCH_PATHS = "$(inherited) @executable_path/Frameworks @loader_path/Frameworks";
				PRODUCT_BUNDLE_IDENTIFIER = Bocci.GHubTests;
				PRODUCT_NAME = "$(TARGET_NAME)";
				SWIFT_VERSION = 3.0;
				TEST_HOST = "$(BUILT_PRODUCTS_DIR)/GHub.app/GHub";
			};
			name = Release;
		};
/* End XCBuildConfiguration section */

/* Begin XCConfigurationList section */
		FCE2F9FC1F10988600A7FCA4 /* Build configuration list for PBXProject "GHub" */ = {
			isa = XCConfigurationList;
			buildConfigurations = (
				FCE2FA1C1F10988700A7FCA4 /* Debug */,
				FCE2FA1D1F10988700A7FCA4 /* Release */,
			);
			defaultConfigurationIsVisible = 0;
			defaultConfigurationName = Release;
		};
		FCE2FA1E1F10988700A7FCA4 /* Build configuration list for PBXNativeTarget "GHub" */ = {
			isa = XCConfigurationList;
			buildConfigurations = (
				FCE2FA1F1F10988700A7FCA4 /* Debug */,
				FCE2FA201F10988700A7FCA4 /* Release */,
			);
			defaultConfigurationIsVisible = 0;
			defaultConfigurationName = Release;
		};
		FCE2FA211F10988700A7FCA4 /* Build configuration list for PBXNativeTarget "GHubTests" */ = {
			isa = XCConfigurationList;
			buildConfigurations = (
				FCE2FA221F10988700A7FCA4 /* Debug */,
				FCE2FA231F10988700A7FCA4 /* Release */,
			);
			defaultConfigurationIsVisible = 0;
			defaultConfigurationName = Release;
		};
/* End XCConfigurationList section */
	};
	rootObject = FCE2F9F91F10988600A7FCA4 /* Project object */;
}
